# THIS IS AN AUTOGENERATED FILE. DO NOT EDIT THIS FILE DIRECTLY.
# yarn lockfile v1


"@baronha/react-native-multiple-image-picker@^0.4.13":
  version "0.4.13"
  resolved "https://registry.yarnpkg.com/@baronha/react-native-multiple-image-picker/-/react-native-multiple-image-picker-0.4.13.tgz#b86f6f6d26884f7708f70dba0b0f674294810806"
  integrity sha512-/jzT5oJgLpQUJWfoRuLYwxy5ajL5Iz+H2wB6exJz6hcAIIfQclIxisLtGdvpYrXtXvUSrjLSZJ0Hyo9my63NcA==

react-native-image-pan-zoom@^2.1.12:
  version "2.1.12"
  resolved "https://registry.yarnpkg.com/react-native-image-pan-zoom/-/react-native-image-pan-zoom-2.1.12.tgz#eb98bf56fb5610379bdbfdb63219cc1baca98fd2"
  integrity sha512-BF66XeP6dzuANsPmmFsJshM2Jyh/Mo1t8FsGc1L9Q9/sVP8MJULDabB1hms+eAoqgtyhMr5BuXV3E1hJ5U5H6Q==

react-native-image-zoom-viewer@^3.0.1:
  version "3.0.1"
  resolved "https://registry.yarnpkg.com/react-native-image-zoom-viewer/-/react-native-image-zoom-viewer-3.0.1.tgz#a2bd5fb3bda15e0686ce88fcde8576726495d7fb"
  integrity sha512-la6s5DNSuq4GCRLsi5CZ29FPjgTpdCuGIRdO5T9rUrAtxrlpBPhhSnHrbmPVxsdtOUvxHacTh2Gfa9+RraMZQA==
  dependencies:
    react-native-image-pan-zoom "^2.1.12"
